
Microsoft Visual Studio Solution File, Format Version 12.00
# Visual Studio Version 17
VisualStudioVersion = 17.7.34031.279
MinimumVisualStudioVersion = 10.0.40219.1
Project("{9A19103F-16F7-4668-BE54-9A1E7A4F7556}") = "TanulUniversity", "TanulUniversity.csproj", "{0D711FCE-80AA-48B6-B78C-C3D1D2924EAB}"
EndProject
Global
	GlobalSection(SolutionConfigurationPlatforms) = preSolution
		Debug|Any CPU = Debug|Any CPU
		Release|Any CPU = Release|Any CPU
	EndGlobalSection
	GlobalSection(ProjectConfigurationPlatforms) = postSolution
		{0D711FCE-80AA-48B6-B78C-C3D1D2924EAB}.Debug|Any CPU.ActiveCfg = Debug|Any CPU
		{0D711FCE-80AA-48B6-B78C-C3D1D2924EAB}.Debug|Any CPU.Build.0 = Debug|Any CPU
		{0D711FCE-80AA-48B6-B78C-C3D1D2924EAB}.Release|Any CPU.ActiveCfg = Release|Any CPU
		{0D711FCE-80AA-48B6-B78C-C3D1D2924EAB}.Release|Any CPU.Build.0 = Release|Any CPU
	EndGlobalSection
	GlobalSection(SolutionProperties) = preSolution
		HideSolutionNode = FALSE
	EndGlobalSection
	GlobalSection(ExtensibilityGlobals) = postSolution
		SolutionGuid = {16CDBB2C-3806-4197-84A9-CEC6C3F7DC77}
	EndGlobalSection
EndGlobal
